
Microsoft Visual Studio Solution File, Format Version 12.00
# Visual Studio Version 16
VisualStudioVersion = 16.0.30413.136
MinimumVisualStudioVersion = 10.0.40219.1
Project("{FAE04EC0-301F-11D3-BF4B-00C04F79EFBC}") = "RevisionProgram", "RevisionProgram\RevisionProgram.csproj", "{66EB5511-49D8-482F-BECF-91A284FB7448}"
EndProject
Global
	GlobalSection(SolutionConfigurationPlatforms) = preSolution
		Debug|Any CPU = Debug|Any CPU
		Release|Any CPU = Release|Any CPU
	EndGlobalSection
	GlobalSection(ProjectConfigurationPlatforms) = postSolution
		{66EB5511-49D8-482F-BECF-91A284FB7448}.Debug|Any CPU.ActiveCfg = Debug|Any CPU
		{66EB5511-49D8-482F-BECF-91A284FB7448}.Debug|Any CPU.Build.0 = Debug|Any CPU
		{66EB5511-49D8-482F-BECF-91A284FB7448}.Release|Any CPU.ActiveCfg = Release|Any CPU
		{66EB5511-49D8-482F-BECF-91A284FB7448}.Release|Any CPU.Build.0 = Release|Any CPU
	EndGlobalSection
	GlobalSection(SolutionProperties) = preSolution
		HideSolutionNode = FALSE
	EndGlobalSection
	GlobalSection(ExtensibilityGlobals) = postSolution
		SolutionGuid = {DCAD904C-2DCF-4D70-8301-BA13C029BB20}
	EndGlobalSection
EndGlobal
